
Microsoft Visual Studio Solution File, Format Version 12.00
# Visual Studio Version 17
VisualStudioVersion = 17.7.34024.191
MinimumVisualStudioVersion = 10.0.40219.1
Project("{FAE04EC0-301F-11D3-BF4B-00C04F79EFBC}") = "SimpleCRUD", "SimpleCRUD\SimpleCRUD.csproj", "{6ED2CAE7-52F3-44E8-9838-B67A9710E018}"
EndProject
Global
	GlobalSection(SolutionConfigurationPlatforms) = preSolution
		Debug|Any CPU = Debug|Any CPU
		Release|Any CPU = Release|Any CPU
	EndGlobalSection
	GlobalSection(ProjectConfigurationPlatforms) = postSolution
		{6ED2CAE7-52F3-44E8-9838-B67A9710E018}.Debug|Any CPU.ActiveCfg = Debug|Any CPU
		{6ED2CAE7-52F3-44E8-9838-B67A9710E018}.Debug|Any CPU.Build.0 = Debug|Any CPU
		{6ED2CAE7-52F3-44E8-9838-B67A9710E018}.Release|Any CPU.ActiveCfg = Release|Any CPU
		{6ED2CAE7-52F3-44E8-9838-B67A9710E018}.Release|Any CPU.Build.0 = Release|Any CPU
	EndGlobalSection
	GlobalSection(SolutionProperties) = preSolution
		HideSolutionNode = FALSE
	EndGlobalSection
	GlobalSection(ExtensibilityGlobals) = postSolution
		SolutionGuid = {D6660E46-455F-4EA1-9F65-216648D39783}
	EndGlobalSection
EndGlobal
